lockfileVersion: '6.0'

settings:
  autoInstallPeers: true
  excludeLinksFromLockfile: false

devDependencies:
  playwright-core:
    specifier: 1.40.1
    version: 1.40.1

packages:

  /playwright-core@1.40.1:
    resolution: {integrity: sha512-+hkOycxPiV534c4HhpfX6yrlawqVUzITRKwHAmYfmsVreltEl6fAZJ3DPfLMOODw0H3s1Itd6MDCWmP1fl/QvQ==}
    engines: {node: '>=16'}
    hasBin: true
    dev: true
